
Microsoft Visual Studio Solution File, Format Version 12.00
# Visual Studio Version 16
VisualStudioVersion = 16.0.29709.97
MinimumVisualStudioVersion = 10.0.40219.1
Project("{FAE04EC0-301F-11D3-BF4B-00C04F79EFBC}") = "CSharpProject", "Giraffe\CSharpProject.csproj", "{94119635-9295-43B6-8930-2A16B940A17C}"
EndProject
Global
	GlobalSection(SolutionConfigurationPlatforms) = preSolution
		Debug|Any CPU = Debug|Any CPU
		Release|Any CPU = Release|Any CPU
	EndGlobalSection
	GlobalSection(ProjectConfigurationPlatforms) = postSolution
		{94119635-9295-43B6-8930-2A16B940A17C}.Debug|Any CPU.ActiveCfg = Debug|Any CPU
		{94119635-9295-43B6-8930-2A16B940A17C}.Debug|Any CPU.Build.0 = Debug|Any CPU
		{94119635-9295-43B6-8930-2A16B940A17C}.Release|Any CPU.ActiveCfg = Release|Any CPU
		{94119635-9295-43B6-8930-2A16B940A17C}.Release|Any CPU.Build.0 = Release|Any CPU
	EndGlobalSection
	GlobalSection(SolutionProperties) = preSolution
		HideSolutionNode = FALSE
	EndGlobalSection
	GlobalSection(ExtensibilityGlobals) = postSolution
		SolutionGuid = {2B2678D3-0F80-48F9-A8F9-61287E6B7FC3}
	EndGlobalSection
EndGlobal
